
Microsoft Visual Studio Solution File, Format Version 12.00
# Visual Studio 15
VisualStudioVersion = 15.0.26124.0
MinimumVisualStudioVersion = 15.0.26124.0
Project("{2150E333-8FDC-42A3-9474-1A3956D46DE8}") = "src", "src", "{971C0A87-A138-47D6-BA8F-A7B319340A5D}"
EndProject
Project("{FAE04EC0-301F-11D3-BF4B-00C04F79EFBC}") = "UnMango.Proxmox.Client", "src\UnMango.Proxmox.Client\UnMango.Proxmox.Client.csproj", "{5E644E3B-6949-45D8-A166-7FCF2B5AE518}"
EndProject
Project("{2150E333-8FDC-42A3-9474-1A3956D46DE8}") = "test", "test", "{427D498B-310B-4F6E-ACD4-987C43254985}"
EndProject
Project("{FAE04EC0-301F-11D3-BF4B-00C04F79EFBC}") = "UnMango.Proxmox.Client.Tests", "test\UnMango.Proxmox.Client.Tests\UnMango.Proxmox.Client.Tests.csproj", "{B189372B-9160-4324-89ED-C772A5B037E1}"
EndProject
Global
	GlobalSection(SolutionConfigurationPlatforms) = preSolution
		Debug|Any CPU = Debug|Any CPU
		Debug|x64 = Debug|x64
		Debug|x86 = Debug|x86
		Release|Any CPU = Release|Any CPU
		Release|x64 = Release|x64
		Release|x86 = Release|x86
	EndGlobalSection
	GlobalSection(SolutionProperties) = preSolution
		HideSolutionNode = FALSE
	EndGlobalSection
	GlobalSection(ProjectConfigurationPlatforms) = postSolution
		{5E644E3B-6949-45D8-A166-7FCF2B5AE518}.Debug|Any CPU.ActiveCfg = Debug|Any CPU
		{5E644E3B-6949-45D8-A166-7FCF2B5AE518}.Debug|Any CPU.Build.0 = Debug|Any CPU
		{5E644E3B-6949-45D8-A166-7FCF2B5AE518}.Debug|x64.ActiveCfg = Debug|Any CPU
		{5E644E3B-6949-45D8-A166-7FCF2B5AE518}.Debug|x64.Build.0 = Debug|Any CPU
		{5E644E3B-6949-45D8-A166-7FCF2B5AE518}.Debug|x86.ActiveCfg = Debug|Any CPU
		{5E644E3B-6949-45D8-A166-7FCF2B5AE518}.Debug|x86.Build.0 = Debug|Any CPU
		{5E644E3B-6949-45D8-A166-7FCF2B5AE518}.Release|Any CPU.ActiveCfg = Release|Any CPU
		{5E644E3B-6949-45D8-A166-7FCF2B5AE518}.Release|Any CPU.Build.0 = Release|Any CPU
		{5E644E3B-6949-45D8-A166-7FCF2B5AE518}.Release|x64.ActiveCfg = Release|Any CPU
		{5E644E3B-6949-45D8-A166-7FCF2B5AE518}.Release|x64.Build.0 = Release|Any CPU
		{5E644E3B-6949-45D8-A166-7FCF2B5AE518}.Release|x86.ActiveCfg = Release|Any CPU
		{5E644E3B-6949-45D8-A166-7FCF2B5AE518}.Release|x86.Build.0 = Release|Any CPU
		{B189372B-9160-4324-89ED-C772A5B037E1}.Debug|Any CPU.ActiveCfg = Debug|Any CPU
		{B189372B-9160-4324-89ED-C772A5B037E1}.Debug|Any CPU.Build.0 = Debug|Any CPU
		{B189372B-9160-4324-89ED-C772A5B037E1}.Debug|x64.ActiveCfg = Debug|Any CPU
		{B189372B-9160-4324-89ED-C772A5B037E1}.Debug|x64.Build.0 = Debug|Any CPU
		{B189372B-9160-4324-89ED-C772A5B037E1}.Debug|x86.ActiveCfg = Debug|Any CPU
		{B189372B-9160-4324-89ED-C772A5B037E1}.Debug|x86.Build.0 = Debug|Any CPU
		{B189372B-9160-4324-89ED-C772A5B037E1}.Release|Any CPU.ActiveCfg = Release|Any CPU
		{B189372B-9160-4324-89ED-C772A5B037E1}.Release|Any CPU.Build.0 = Release|Any CPU
		{B189372B-9160-4324-89ED-C772A5B037E1}.Release|x64.ActiveCfg = Release|Any CPU
		{B189372B-9160-4324-89ED-C772A5B037E1}.Release|x64.Build.0 = Release|Any CPU
		{B189372B-9160-4324-89ED-C772A5B037E1}.Release|x86.ActiveCfg = Release|Any CPU
		{B189372B-9160-4324-89ED-C772A5B037E1}.Release|x86.Build.0 = Release|Any CPU
	EndGlobalSection
	GlobalSection(NestedProjects) = preSolution
		{5E644E3B-6949-45D8-A166-7FCF2B5AE518} = {971C0A87-A138-47D6-BA8F-A7B319340A5D}
		{B189372B-9160-4324-89ED-C772A5B037E1} = {427D498B-310B-4F6E-ACD4-987C43254985}
	EndGlobalSection
EndGlobal
